
Microsoft Visual Studio Solution File, Format Version 12.00
# Visual Studio Version 17
VisualStudioVersion = 17.14.36518.9 d17.14
MinimumVisualStudioVersion = 10.0.40219.1
Project("{FAE04EC0-301F-11D3-BF4B-00C04F79EFBC}") = "enumUsing", "enumUsing\enumUsing.csproj", "{B000F397-698F-44F7-A6CA-700CF68E00A8}"
EndProject
Global
	GlobalSection(SolutionConfigurationPlatforms) = preSolution
		Debug|Any CPU = Debug|Any CPU
		Release|Any CPU = Release|Any CPU
	EndGlobalSection
	GlobalSection(ProjectConfigurationPlatforms) = postSolution
		{B000F397-698F-44F7-A6CA-700CF68E00A8}.Debug|Any CPU.ActiveCfg = Debug|Any CPU
		{B000F397-698F-44F7-A6CA-700CF68E00A8}.Debug|Any CPU.Build.0 = Debug|Any CPU
		{B000F397-698F-44F7-A6CA-700CF68E00A8}.Release|Any CPU.ActiveCfg = Release|Any CPU
		{B000F397-698F-44F7-A6CA-700CF68E00A8}.Release|Any CPU.Build.0 = Release|Any CPU
	EndGlobalSection
	GlobalSection(SolutionProperties) = preSolution
		HideSolutionNode = FALSE
	EndGlobalSection
	GlobalSection(ExtensibilityGlobals) = postSolution
		SolutionGuid = {F481792D-D63D-4661-B0E6-6B99AEE8B0A2}
	EndGlobalSection
EndGlobal
