
Microsoft Visual Studio Solution File, Format Version 12.00
# Visual Studio Version 17
VisualStudioVersion = 17.14.36603.0 d17.14
MinimumVisualStudioVersion = 10.0.40219.1
Project("{FAE04EC0-301F-11D3-BF4B-00C04F79EFBC}") = "Дистанционное_занятие", "Дистанционное_занятие\Дистанционное_занятие.csproj", "{CBB69049-C6DE-4356-8574-BBAFD90E6346}"
EndProject
Global
	GlobalSection(SolutionConfigurationPlatforms) = preSolution
		Debug|Any CPU = Debug|Any CPU
		Release|Any CPU = Release|Any CPU
	EndGlobalSection
	GlobalSection(ProjectConfigurationPlatforms) = postSolution
		{CBB69049-C6DE-4356-8574-BBAFD90E6346}.Debug|Any CPU.ActiveCfg = Debug|Any CPU
		{CBB69049-C6DE-4356-8574-BBAFD90E6346}.Debug|Any CPU.Build.0 = Debug|Any CPU
		{CBB69049-C6DE-4356-8574-BBAFD90E6346}.Release|Any CPU.ActiveCfg = Release|Any CPU
		{CBB69049-C6DE-4356-8574-BBAFD90E6346}.Release|Any CPU.Build.0 = Release|Any CPU
	EndGlobalSection
	GlobalSection(SolutionProperties) = preSolution
		HideSolutionNode = FALSE
	EndGlobalSection
	GlobalSection(ExtensibilityGlobals) = postSolution
		SolutionGuid = {E4FB307C-AE96-4369-BDCF-68D38421B823}
	EndGlobalSection
EndGlobal
